
Microsoft Visual Studio Solution File, Format Version 12.00
# Visual Studio Version 17
VisualStudioVersion = 17.3.32929.385
MinimumVisualStudioVersion = 10.0.40219.1
Project("{FAE04EC0-301F-11D3-BF4B-00C04F79EFBC}") = "APItask", "APItask\APItask.csproj", "{EA6DD217-AA7E-4F84-864F-F2EAC59655FD}"
EndProject
Global
	GlobalSection(SolutionConfigurationPlatforms) = preSolution
		Debug|Any CPU = Debug|Any CPU
		Release|Any CPU = Release|Any CPU
	EndGlobalSection
	GlobalSection(ProjectConfigurationPlatforms) = postSolution
		{EA6DD217-AA7E-4F84-864F-F2EAC59655FD}.Debug|Any CPU.ActiveCfg = Debug|Any CPU
		{EA6DD217-AA7E-4F84-864F-F2EAC59655FD}.Debug|Any CPU.Build.0 = Debug|Any CPU
		{EA6DD217-AA7E-4F84-864F-F2EAC59655FD}.Release|Any CPU.ActiveCfg = Release|Any CPU
		{EA6DD217-AA7E-4F84-864F-F2EAC59655FD}.Release|Any CPU.Build.0 = Release|Any CPU
	EndGlobalSection
	GlobalSection(SolutionProperties) = preSolution
		HideSolutionNode = FALSE
	EndGlobalSection
	GlobalSection(ExtensibilityGlobals) = postSolution
		SolutionGuid = {A253ED51-BBC5-458E-8EF2-17FB55A3D61A}
	EndGlobalSection
EndGlobal
